
Microsoft Visual Studio Solution File, Format Version 12.00
# Visual Studio Version 17
VisualStudioVersion = 17.11.35303.130
MinimumVisualStudioVersion = 10.0.40219.1
Project("{9A19103F-16F7-4668-BE54-9A1E7A4F7556}") = "Prueba", "Prueba\Prueba.csproj", "{A903798A-1C13-4507-9106-8CCFCA7653B6}"
EndProject
Project("{9A19103F-16F7-4668-BE54-9A1E7A4F7556}") = "Ejercicio4", "Ejercicio4\Ejercicio4.csproj", "{BCCDCE11-E526-4E9A-8864-7792198DA85A}"
EndProject
Project("{FAE04EC0-301F-11D3-BF4B-00C04F79EFBC}") = "Ejercicio02", "Ejercicio02\Ejercicio02.csproj", "{DA482A3F-4AB2-41E9-94F1-6AEB9E6BCD69}"
EndProject
Project("{FAE04EC0-301F-11D3-BF4B-00C04F79EFBC}") = "Ejercicio3", "Ejercicio3\Ejercicio3.csproj", "{65D81B70-A9E5-42CE-BB1E-CFFFAD8979CF}"
EndProject
Global
	GlobalSection(SolutionConfigurationPlatforms) = preSolution
		Debug|Any CPU = Debug|Any CPU
		Release|Any CPU = Release|Any CPU
	EndGlobalSection
	GlobalSection(ProjectConfigurationPlatforms) = postSolution
		{A903798A-1C13-4507-9106-8CCFCA7653B6}.Debug|Any CPU.ActiveCfg = Debug|Any CPU
		{A903798A-1C13-4507-9106-8CCFCA7653B6}.Debug|Any CPU.Build.0 = Debug|Any CPU
		{A903798A-1C13-4507-9106-8CCFCA7653B6}.Release|Any CPU.ActiveCfg = Release|Any CPU
		{A903798A-1C13-4507-9106-8CCFCA7653B6}.Release|Any CPU.Build.0 = Release|Any CPU
		{BCCDCE11-E526-4E9A-8864-7792198DA85A}.Debug|Any CPU.ActiveCfg = Debug|Any CPU
		{BCCDCE11-E526-4E9A-8864-7792198DA85A}.Debug|Any CPU.Build.0 = Debug|Any CPU
		{BCCDCE11-E526-4E9A-8864-7792198DA85A}.Release|Any CPU.ActiveCfg = Release|Any CPU
		{BCCDCE11-E526-4E9A-8864-7792198DA85A}.Release|Any CPU.Build.0 = Release|Any CPU
		{DA482A3F-4AB2-41E9-94F1-6AEB9E6BCD69}.Debug|Any CPU.ActiveCfg = Debug|Any CPU
		{DA482A3F-4AB2-41E9-94F1-6AEB9E6BCD69}.Debug|Any CPU.Build.0 = Debug|Any CPU
		{DA482A3F-4AB2-41E9-94F1-6AEB9E6BCD69}.Release|Any CPU.ActiveCfg = Release|Any CPU
		{DA482A3F-4AB2-41E9-94F1-6AEB9E6BCD69}.Release|Any CPU.Build.0 = Release|Any CPU
		{65D81B70-A9E5-42CE-BB1E-CFFFAD8979CF}.Debug|Any CPU.ActiveCfg = Debug|Any CPU
		{65D81B70-A9E5-42CE-BB1E-CFFFAD8979CF}.Debug|Any CPU.Build.0 = Debug|Any CPU
		{65D81B70-A9E5-42CE-BB1E-CFFFAD8979CF}.Release|Any CPU.ActiveCfg = Release|Any CPU
		{65D81B70-A9E5-42CE-BB1E-CFFFAD8979CF}.Release|Any CPU.Build.0 = Release|Any CPU
	EndGlobalSection
	GlobalSection(SolutionProperties) = preSolution
		HideSolutionNode = FALSE
	EndGlobalSection
	GlobalSection(ExtensibilityGlobals) = postSolution
		SolutionGuid = {2739063A-5243-41CA-8B69-8065E154BC11}
	EndGlobalSection
EndGlobal
